{
  "pins" : [
    {
      "identity" : "colorsugar",
      "kind" : "remoteSourceControl",
      "location" : "https://github.com/pxlshpr/ColorSugar",
      "state" : {
        "revision" : "838cc13f3153793982dd315ed94bf3c4941c9566",
        "version" : "0.0.2"
      }
    }
  ],
  "version" : 2
}
