{
  "pins" : [
    {
      "identity" : "colorsugar",
      "kind" : "remoteSourceControl",
      "location" : "https://github.com/pxlshpr/ColorSugar",
      "state" : {
        "revision" : "1642559188d05aaf09345b41bc48ee3722ea11cd",
        "version" : "0.0.3"
      }
    }
  ],
  "version" : 2
}
